// !$*UTF8*$!
{
	archiveVersion = 1;
	classes = {
	};
	objectVersion = 48;
	objects = {

/* Begin PBXBuildFile section */
		E74317D32048C38F00C665D6 /* Happy.xcdatamodeld in Sources */ = {isa = PBXBuildFile; fileRef = E74317D12048C38F00C665D6 /* Happy.xcdatamodeld */; };
		E74317E02048C47700C665D6 /* Date+CoreDataClass.swift in Sources */ = {isa = PBXBuildFile; fileRef = E74317DC2048C47700C665D6 /* Date+CoreDataClass.swift */; };
		E74317E12048C47700C665D6 /* Date+CoreDataProperties.swift in Sources */ = {isa = PBXBuildFile; fileRef = E74317DD2048C47700C665D6 /* Date+CoreDataProperties.swift */; };
		E74317E22048C47700C665D6 /* Category+CoreDataClass.swift in Sources */ = {isa = PBXBuildFile; fileRef = E74317DE2048C47700C665D6 /* Category+CoreDataClass.swift */; };
		E74317E32048C47700C665D6 /* Category+CoreDataProperties.swift in Sources */ = {isa = PBXBuildFile; fileRef = E74317DF2048C47700C665D6 /* Category+CoreDataProperties.swift */; };
		E74E6870203C9626002EB74E /* SettingsTableViewController.swift in Sources */ = {isa = PBXBuildFile; fileRef = E74E686F203C9626002EB74E /* SettingsTableViewController.swift */; };
		E74E6878203E0C1C002EB74E /* Day.swift in Sources */ = {isa = PBXBuildFile; fileRef = E74E6877203E0C1C002EB74E /* Day.swift */; };
		E74E687A203E98F4002EB74E /* Category.swift in Sources */ = {isa = PBXBuildFile; fileRef = E74E6879203E98F3002EB74E /* Category.swift */; };
		E7965DB32038CF260056FC8E /* AppDelegate.swift in Sources */ = {isa = PBXBuildFile; fileRef = E7965DB22038CF260056FC8E /* AppDelegate.swift */; };
		E7965DB52038CF260056FC8E /* JournalViewController.swift in Sources */ = {isa = PBXBuildFile; fileRef = E7965DB42038CF260056FC8E /* JournalViewController.swift */; };
		E7965DB72038CF260056FC8E /* DayPickerViewController.swift in Sources */ = {isa = PBXBuildFile; fileRef = E7965DB62038CF260056FC8E /* DayPickerViewController.swift */; };
		E7965DBA2038CF260056FC8E /* Main.storyboard in Resources */ = {isa = PBXBuildFile; fileRef = E7965DB82038CF260056FC8E /* Main.storyboard */; };
		E7965DBC2038CF260056FC8E /* Assets.xcassets in Resources */ = {isa = PBXBuildFile; fileRef = E7965DBB2038CF260056FC8E /* Assets.xcassets */; };
		E7965DBF2038CF260056FC8E /* LaunchScreen.storyboard in Resources */ = {isa = PBXBuildFile; fileRef = E7965DBD2038CF260056FC8E /* LaunchScreen.storyboard */; };
		E7965DC72038D2F20056FC8E /* OverviewViewController.swift in Sources */ = {isa = PBXBuildFile; fileRef = E7965DC62038D2F20056FC8E /* OverviewViewController.swift */; };
		E7965DC92038D33E0056FC8E /* SettingsViewController.swift in Sources */ = {isa = PBXBuildFile; fileRef = E7965DC82038D33E0056FC8E /* SettingsViewController.swift */; };
		E7A4B36F203F5EBE00B42DE6 /* RatingViewController.swift in Sources */ = {isa = PBXBuildFile; fileRef = E7A4B36E203F5EBE00B42DE6 /* RatingViewController.swift */; };
		E7E1147520433BD900A5073E /* NotesViewController.swift in Sources */ = {isa = PBXBuildFile; fileRef = E7E1147420433BD900A5073E /* NotesViewController.swift */; };
/* End PBXBuildFile section */

/* Begin PBXFileReference section */
		E74317D22048C38F00C665D6 /* Happy.xcdatamodel */ = {isa = PBXFileReference; lastKnownFileType = wrapper.xcdatamodel; path = Happy.xcdatamodel; sourceTree = "<group>"; };
		E74317DC2048C47700C665D6 /* Date+CoreDataClass.swift */ = {isa = PBXFileReference; lastKnownFileType = sourcecode.swift; path = "Date+CoreDataClass.swift"; sourceTree = "<group>"; };
		E74317DD2048C47700C665D6 /* Date+CoreDataProperties.swift */ = {isa = PBXFileReference; lastKnownFileType = sourcecode.swift; path = "Date+CoreDataProperties.swift"; sourceTree = "<group>"; };
		E74317DE2048C47700C665D6 /* Category+CoreDataClass.swift */ = {isa = PBXFileReference; lastKnownFileType = sourcecode.swift; path = "Category+CoreDataClass.swift"; sourceTree = "<group>"; };
		E74317DF2048C47700C665D6 /* Category+CoreDataProperties.swift */ = {isa = PBXFileReference; lastKnownFileType = sourcecode.swift; path = "Category+CoreDataProperties.swift"; sourceTree = "<group>"; };
		E74E686F203C9626002EB74E /* SettingsTableViewController.swift */ = {isa = PBXFileReference; lastKnownFileType = sourcecode.swift; path = SettingsTableViewController.swift; sourceTree = "<group>"; };
		E74E6877203E0C1C002EB74E /* Day.swift */ = {isa = PBXFileReference; lastKnownFileType = sourcecode.swift; path = Day.swift; sourceTree = "<group>"; };
		E74E6879203E98F3002EB74E /* Category.swift */ = {isa = PBXFileReference; lastKnownFileType = sourcecode.swift; path = Category.swift; sourceTree = "<group>"; };
		E7965DAF2038CF260056FC8E /* Happy.app */ = {isa = PBXFileReference; explicitFileType = wrapper.application; includeInIndex = 0; path = Happy.app; sourceTree = BUILT_PRODUCTS_DIR; };
		E7965DB22038CF260056FC8E /* AppDelegate.swift */ = {isa = PBXFileReference; lastKnownFileType = sourcecode.swift; path = AppDelegate.swift; sourceTree = "<group>"; };
		E7965DB42038CF260056FC8E /* JournalViewController.swift */ = {isa = PBXFileReference; lastKnownFileType = sourcecode.swift; path = JournalViewController.swift; sourceTree = "<group>"; };
		E7965DB62038CF260056FC8E /* DayPickerViewController.swift */ = {isa = PBXFileReference; lastKnownFileType = sourcecode.swift; path = DayPickerViewController.swift; sourceTree = "<group>"; };
		E7965DB92038CF260056FC8E /* Base */ = {isa = PBXFileReference; lastKnownFileType = file.storyboard; name = Base; path = Base.lproj/Main.storyboard; sourceTree = "<group>"; };
		E7965DBB2038CF260056FC8E /* Assets.xcassets */ = {isa = PBXFileReference; lastKnownFileType = folder.assetcatalog; path = Assets.xcassets; sourceTree = "<group>"; };
		E7965DBE2038CF260056FC8E /* Base */ = {isa = PBXFileReference; lastKnownFileType = file.storyboard; name = Base; path = Base.lproj/LaunchScreen.storyboard; sourceTree = "<group>"; };
		E7965DC02038CF260056FC8E /* Info.plist */ = {isa = PBXFileReference; lastKnownFileType = text.plist.xml; path = Info.plist; sourceTree = "<group>"; };
		E7965DC62038D2F20056FC8E /* OverviewViewController.swift */ = {isa = PBXFileReference; lastKnownFileType = sourcecode.swift; path = OverviewViewController.swift; sourceTree = "<group>"; };
		E7965DC82038D33E0056FC8E /* SettingsViewController.swift */ = {isa = PBXFileReference; lastKnownFileType = sourcecode.swift; path = SettingsViewController.swift; sourceTree = "<group>"; };
		E7A4B36E203F5EBE00B42DE6 /* RatingViewController.swift */ = {isa = PBXFileReference; lastKnownFileType = sourcecode.swift; path = RatingViewController.swift; sourceTree = "<group>"; };
		E7E1147420433BD900A5073E /* NotesViewController.swift */ = {isa = PBXFileReference; lastKnownFileType = sourcecode.swift; path = NotesViewController.swift; sourceTree = "<group>"; };
/* End PBXFileReference section */

/* Begin PBXFrameworksBuildPhase section */
		E7965DAC2038CF260056FC8E /* Frameworks */ = {
			isa = PBXFrameworksBuildPhase;
			buildActionMask = 2147483647;
			files = (
			);
			runOnlyForDeploymentPostprocessing = 0;
		};
/* End PBXFrameworksBuildPhase section */

/* Begin PBXGroup section */
		E7965DA62038CF260056FC8E = {
			isa = PBXGroup;
			children = (
				E7965DB12038CF260056FC8E /* Happy */,
				E7965DB02038CF260056FC8E /* Products */,
			);
			sourceTree = "<group>";
		};
		E7965DB02038CF260056FC8E /* Products */ = {
			isa = PBXGroup;
			children = (
				E7965DAF2038CF260056FC8E /* Happy.app */,
			);
			name = Products;
			sourceTree = "<group>";
		};
		E7965DB12038CF260056FC8E /* Happy */ = {
			isa = PBXGroup;
			children = (
				E7965DCA2038D4820056FC8E /* Model */,
				E7965DCB2038D48B0056FC8E /* View */,
				E7965DCC2038D48F0056FC8E /* Controller */,
				E7965DBB2038CF260056FC8E /* Assets.xcassets */,
				E7965DC02038CF260056FC8E /* Info.plist */,
			);
			path = Happy;
			sourceTree = "<group>";
		};
		E7965DCA2038D4820056FC8E /* Model */ = {
			isa = PBXGroup;
			children = (
				E74E6877203E0C1C002EB74E /* Day.swift */,
				E74E6879203E98F3002EB74E /* Category.swift */,
				E74317DC2048C47700C665D6 /* Date+CoreDataClass.swift */,
				E74317DE2048C47700C665D6 /* Category+CoreDataClass.swift */,
				E74317DD2048C47700C665D6 /* Date+CoreDataProperties.swift */,
				E74317DF2048C47700C665D6 /* Category+CoreDataProperties.swift */,
				E74317D12048C38F00C665D6 /* Happy.xcdatamodeld */,
			);
			path = Model;
			sourceTree = "<group>";
		};
		E7965DCB2038D48B0056FC8E /* View */ = {
			isa = PBXGroup;
			children = (
				E7965DB82038CF260056FC8E /* Main.storyboard */,
				E7965DBD2038CF260056FC8E /* LaunchScreen.storyboard */,
			);
			path = View;
			sourceTree = "<group>";
		};
		E7965DCC2038D48F0056FC8E /* Controller */ = {
			isa = PBXGroup;
			children = (
				E7965DB62038CF260056FC8E /* DayPickerViewController.swift */,
				E7A4B36E203F5EBE00B42DE6 /* RatingViewController.swift */,
				E7E1147420433BD900A5073E /* NotesViewController.swift */,
				E74E686F203C9626002EB74E /* SettingsTableViewController.swift */,
				E7965DC62038D2F20056FC8E /* OverviewViewController.swift */,
				E7965DB42038CF260056FC8E /* JournalViewController.swift */,
				E7965DC82038D33E0056FC8E /* SettingsViewController.swift */,
				E7965DB22038CF260056FC8E /* AppDelegate.swift */,
			);
			path = Controller;
			sourceTree = "<group>";
		};
/* End PBXGroup section */

/* Begin PBXNativeTarget section */
		E7965DAE2038CF260056FC8E /* Happy */ = {
			isa = PBXNativeTarget;
			buildConfigurationList = E7965DC32038CF260056FC8E /* Build configuration list for PBXNativeTarget "Happy" */;
			buildPhases = (
				E7965DAB2038CF260056FC8E /* Sources */,
				E7965DAC2038CF260056FC8E /* Frameworks */,
				E7965DAD2038CF260056FC8E /* Resources */,
			);
			buildRules = (
			);
			dependencies = (
			);
			name = Happy;
			productName = Happy;
			productReference = E7965DAF2038CF260056FC8E /* Happy.app */;
			productType = "com.apple.product-type.application";
		};
/* End PBXNativeTarget section */

/* Begin PBXProject section */
		E7965DA72038CF260056FC8E /* Project object */ = {
			isa = PBXProject;
			attributes = {
				LastSwiftUpdateCheck = 0920;
				LastUpgradeCheck = 0920;
				ORGANIZATIONNAME = "Ben Herzberg";
				TargetAttributes = {
					E7965DAE2038CF260056FC8E = {
						CreatedOnToolsVersion = 9.2;
						ProvisioningStyle = Automatic;
					};
				};
			};
			buildConfigurationList = E7965DAA2038CF260056FC8E /* Build configuration list for PBXProject "Happy" */;
			compatibilityVersion = "Xcode 8.0";
			developmentRegion = en;
			hasScannedForEncodings = 0;
			knownRegions = (
				en,
				Base,
			);
			mainGroup = E7965DA62038CF260056FC8E;
			productRefGroup = E7965DB02038CF260056FC8E /* Products */;
			projectDirPath = "";
			projectRoot = "";
			targets = (
				E7965DAE2038CF260056FC8E /* Happy */,
			);
		};
/* End PBXProject section */

/* Begin PBXResourcesBuildPhase section */
		E7965DAD2038CF260056FC8E /* Resources */ = {
			isa = PBXResourcesBuildPhase;
			buildActionMask = 2147483647;
			files = (
				E7965DBF2038CF260056FC8E /* LaunchScreen.storyboard in Resources */,
				E7965DBC2038CF260056FC8E /* Assets.xcassets in Resources */,
				E7965DBA2038CF260056FC8E /* Main.storyboard in Resources */,
			);
			runOnlyForDeploymentPostprocessing = 0;
		};
/* End PBXResourcesBuildPhase section */

/* Begin PBXSourcesBuildPhase section */
		E7965DAB2038CF260056FC8E /* Sources */ = {
			isa = PBXSourcesBuildPhase;
			buildActionMask = 2147483647;
			files = (
				E7965DB72038CF260056FC8E /* DayPickerViewController.swift in Sources */,
				E74E687A203E98F4002EB74E /* Category.swift in Sources */,
				E7965DC72038D2F20056FC8E /* OverviewViewController.swift in Sources */,
				E7965DB32038CF260056FC8E /* AppDelegate.swift in Sources */,
				E7965DC92038D33E0056FC8E /* SettingsViewController.swift in Sources */,
				E74E6878203E0C1C002EB74E /* Day.swift in Sources */,
				E7E1147520433BD900A5073E /* NotesViewController.swift in Sources */,
				E74317E32048C47700C665D6 /* Category+CoreDataProperties.swift in Sources */,
				E7A4B36F203F5EBE00B42DE6 /* RatingViewController.swift in Sources */,
				E7965DB52038CF260056FC8E /* JournalViewController.swift in Sources */,
				E74317E22048C47700C665D6 /* Category+CoreDataClass.swift in Sources */,
				E74317E02048C47700C665D6 /* Date+CoreDataClass.swift in Sources */,
				E74317E12048C47700C665D6 /* Date+CoreDataProperties.swift in Sources */,
				E74E6870203C9626002EB74E /* SettingsTableViewController.swift in Sources */,
				E74317D32048C38F00C665D6 /* Happy.xcdatamodeld in Sources */,
			);
			runOnlyForDeploymentPostprocessing = 0;
		};
/* End PBXSourcesBuildPhase section */

/* Begin PBXVariantGroup section */
		E7965DB82038CF260056FC8E /* Main.storyboard */ = {
			isa = PBXVariantGroup;
			children = (
				E7965DB92038CF260056FC8E /* Base */,
			);
			name = Main.storyboard;
			sourceTree = "<group>";
		};
		E7965DBD2038CF260056FC8E /* LaunchScreen.storyboard */ = {
			isa = PBXVariantGroup;
			children = (
				E7965DBE2038CF260056FC8E /* Base */,
			);
			name = LaunchScreen.storyboard;
			sourceTree = "<group>";
		};
/* End PBXVariantGroup section */

/* Begin XCBuildConfiguration section */
		E7965DC12038CF260056FC8E /* Debug */ = {
			isa = XCBuildConfiguration;
			buildSettings = {
				ALWAYS_SEARCH_USER_PATHS = NO;
				CLANG_ANALYZER_NONNULL = YES;
				CLANG_ANALYZER_NUMBER_OBJECT_CONVERSION = YES_AGGRESSIVE;
				CLANG_CXX_LANGUAGE_STANDARD = "gnu++14";
				CLANG_CXX_LIBRARY = "libc++";
				CLANG_ENABLE_MODULES = YES;
				CLANG_ENABLE_OBJC_ARC = YES;
				CLANG_WARN_BLOCK_CAPTURE_AUTORELEASING = YES;
				CLANG_WARN_BOOL_CONVERSION = YES;
				CLANG_WARN_COMMA = YES;
				CLANG_WARN_CONSTANT_CONVERSION = YES;
				CLANG_WARN_DIRECT_OBJC_ISA_USAGE = YES_ERROR;
				CLANG_WARN_DOCUMENTATION_COMMENTS = YES;
				CLANG_WARN_EMPTY_BODY = YES;
				CLANG_WARN_ENUM_CONVERSION = YES;
				CLANG_WARN_INFINITE_RECURSION = YES;
				CLANG_WARN_INT_CONVERSION = YES;
				CLANG_WARN_NON_LITERAL_NULL_CONVERSION = YES;
				CLANG_WARN_OBJC_LITERAL_CONVERSION = YES;
				CLANG_WARN_OBJC_ROOT_CLASS = YES_ERROR;
				CLANG_WARN_RANGE_LOOP_ANALYSIS = YES;
				CLANG_WARN_STRICT_PROTOTYPES = YES;
				CLANG_WARN_SUSPICIOUS_MOVE = YES;
				CLANG_WARN_UNGUARDED_AVAILABILITY = YES_AGGRESSIVE;
				CLANG_WARN_UNREACHABLE_CODE = YES;
				CLANG_WARN__DUPLICATE_METHOD_MATCH = YES;
				CODE_SIGN_IDENTITY = "iPhone Developer";
				COPY_PHASE_STRIP = NO;
				DEBUG_INFORMATION_FORMAT = dwarf;
				ENABLE_STRICT_OBJC_MSGSEND = YES;
				ENABLE_TESTABILITY = YES;
				GCC_C_LANGUAGE_STANDARD = gnu11;
				GCC_DYNAMIC_NO_PIC = NO;
				GCC_NO_COMMON_BLOCKS = YES;
				GCC_OPTIMIZATION_LEVEL = 0;
				GCC_PREPROCESSOR_DEFINITIONS = (
					"DEBUG=1",
					"$(inherited)",
				);
				GCC_WARN_64_TO_32_BIT_CONVERSION = YES;
				GCC_WARN_ABOUT_RETURN_TYPE = YES_ERROR;
				GCC_WARN_UNDECLARED_SELECTOR = YES;
				GCC_WARN_UNINITIALIZED_AUTOS = YES_AGGRESSIVE;
				GCC_WARN_UNUSED_FUNCTION = YES;
				GCC_WARN_UNUSED_VARIABLE = YES;
				IPHONEOS_DEPLOYMENT_TARGET = 11.2;
				MTL_ENABLE_DEBUG_INFO = YES;
				ONLY_ACTIVE_ARCH = YES;
				SDKROOT = iphoneos;
				SWIFT_ACTIVE_COMPILATION_CONDITIONS = DEBUG;
				SWIFT_OPTIMIZATION_LEVEL = "-Onone";
			};
			name = Debug;
		};
		E7965DC22038CF260056FC8E /* Release */ = {
			isa = XCBuildConfiguration;
			buildSettings = {
				ALWAYS_SEARCH_USER_PATHS = NO;
				CLANG_ANALYZER_NONNULL = YES;
				CLANG_ANALYZER_NUMBER_OBJECT_CONVERSION = YES_AGGRESSIVE;
				CLANG_CXX_LANGUAGE_STANDARD = "gnu++14";
				CLANG_CXX_LIBRARY = "libc++";
				CLANG_ENABLE_MODULES = YES;
				CLANG_ENABLE_OBJC_ARC = YES;
				CLANG_WARN_BLOCK_CAPTURE_AUTORELEASING = YES;
				CLANG_WARN_BOOL_CONVERSION = YES;
				CLANG_WARN_COMMA = YES;
				CLANG_WARN_CONSTANT_CONVERSION = YES;
				CLANG_WARN_DIRECT_OBJC_ISA_USAGE = YES_ERROR;
				CLANG_WARN_DOCUMENTATION_COMMENTS = YES;
				CLANG_WARN_EMPTY_BODY = YES;
				CLANG_WARN_ENUM_CONVERSION = YES;
				CLANG_WARN_INFINITE_RECURSION = YES;
				CLANG_WARN_INT_CONVERSION = YES;
				CLANG_WARN_NON_LITERAL_NULL_CONVERSION = YES;
				CLANG_WARN_OBJC_LITERAL_CONVERSION = YES;
				CLANG_WARN_OBJC_ROOT_CLASS = YES_ERROR;
				CLANG_WARN_RANGE_LOOP_ANALYSIS = YES;
				CLANG_WARN_STRICT_PROTOTYPES = YES;
				CLANG_WARN_SUSPICIOUS_MOVE = YES;
				CLANG_WARN_UNGUARDED_AVAILABILITY = YES_AGGRESSIVE;
				CLANG_WARN_UNREACHABLE_CODE = YES;
				CLANG_WARN__DUPLICATE_METHOD_MATCH = YES;
				CODE_SIGN_IDENTITY = "iPhone Developer";
				COPY_PHASE_STRIP = NO;
				DEBUG_INFORMATION_FORMAT = "dwarf-with-dsym";
				ENABLE_NS_ASSERTIONS = NO;
				ENABLE_STRICT_OBJC_MSGSEND = YES;
				GCC_C_LANGUAGE_STANDARD = gnu11;
				GCC_NO_COMMON_BLOCKS = YES;
				GCC_WARN_64_TO_32_BIT_CONVERSION = YES;
				GCC_WARN_ABOUT_RETURN_TYPE = YES_ERROR;
				GCC_WARN_UNDECLARED_SELECTOR = YES;
				GCC_WARN_UNINITIALIZED_AUTOS = YES_AGGRESSIVE;
				GCC_WARN_UNUSED_FUNCTION = YES;
				GCC_WARN_UNUSED_VARIABLE = YES;
				IPHONEOS_DEPLOYMENT_TARGET = 11.2;
				MTL_ENABLE_DEBUG_INFO = NO;
				SDKROOT = iphoneos;
				SWIFT_OPTIMIZATION_LEVEL = "-Owholemodule";
				VALIDATE_PRODUCT = YES;
			};
			name = Release;
		};
		E7965DC42038CF260056FC8E /* Debug */ = {
			isa = XCBuildConfiguration;
			buildSettings = {
				ASSETCATALOG_COMPILER_APPICON_NAME = AppIcon;
				CODE_SIGN_STYLE = Automatic;
				DEVELOPMENT_TEAM = Z2F9JS34FU;
				INFOPLIST_FILE = Happy/Info.plist;
				IPHONEOS_DEPLOYMENT_TARGET = 10.0;
				LD_RUNPATH_SEARCH_PATHS = "$(inherited) @executable_path/Frameworks";
				PRODUCT_BUNDLE_IDENTIFIER = com.benherzberg.Happy;
				PRODUCT_NAME = "$(TARGET_NAME)";
				SWIFT_VERSION = 4.0;
				TARGETED_DEVICE_FAMILY = 1;
			};
			name = Debug;
		};
		E7965DC52038CF260056FC8E /* Release */ = {
			isa = XCBuildConfiguration;
			buildSettings = {
				ASSETCATALOG_COMPILER_APPICON_NAME = AppIcon;
				CODE_SIGN_STYLE = Automatic;
				DEVELOPMENT_TEAM = Z2F9JS34FU;
				INFOPLIST_FILE = Happy/Info.plist;
				IPHONEOS_DEPLOYMENT_TARGET = 10.0;
				LD_RUNPATH_SEARCH_PATHS = "$(inherited) @executable_path/Frameworks";
				PRODUCT_BUNDLE_IDENTIFIER = com.benherzberg.Happy;
				PRODUCT_NAME = "$(TARGET_NAME)";
				SWIFT_VERSION = 4.0;
				TARGETED_DEVICE_FAMILY = 1;
			};
			name = Release;
		};
/* End XCBuildConfiguration section */

/* Begin XCConfigurationList section */
		E7965DAA2038CF260056FC8E /* Build configuration list for PBXProject "Happy" */ = {
			isa = XCConfigurationList;
			buildConfigurations = (
				E7965DC12038CF260056FC8E /* Debug */,
				E7965DC22038CF260056FC8E /* Release */,
			);
			defaultConfigurationIsVisible = 0;
			defaultConfigurationName = Release;
		};
		E7965DC32038CF260056FC8E /* Build configuration list for PBXNativeTarget "Happy" */ = {
			isa = XCConfigurationList;
			buildConfigurations = (
				E7965DC42038CF260056FC8E /* Debug */,
				E7965DC52038CF260056FC8E /* Release */,
			);
			defaultConfigurationIsVisible = 0;
			defaultConfigurationName = Release;
		};
/* End XCConfigurationList section */

/* Begin XCVersionGroup section */
		E74317D12048C38F00C665D6 /* Happy.xcdatamodeld */ = {
			isa = XCVersionGroup;
			children = (
				E74317D22048C38F00C665D6 /* Happy.xcdatamodel */,
			);
			currentVersion = E74317D22048C38F00C665D6 /* Happy.xcdatamodel */;
			path = Happy.xcdatamodeld;
			sourceTree = "<group>";
			versionGroupType = wrapper.xcdatamodel;
		};
/* End XCVersionGroup section */
	};
	rootObject = E7965DA72038CF260056FC8E /* Project object */;
}
